// !$*UTF8*$!
{
	archiveVersion = 1;
	classes = {
	};
	objectVersion = 46;
	objects = {

/* Begin PBXBuildFile section */
		93105F2F13FDEEDE00C9AF1A /* BezierPath.mm in Sources */ = {isa = PBXBuildFile; fileRef = 93105F2D13FDEEDE00C9AF1A /* BezierPath.mm */; };
		9315D81B13D5417A001B1A70 /* UIKit.framework in Frameworks */ = {isa = PBXBuildFile; fileRef = 9315D81A13D5417A001B1A70 /* UIKit.framework */; };
		9315D81D13D5417A001B1A70 /* Foundation.framework in Frameworks */ = {isa = PBXBuildFile; fileRef = 9315D81C13D5417A001B1A70 /* Foundation.framework */; };
		9315D81F13D5417A001B1A70 /* CoreGraphics.framework in Frameworks */ = {isa = PBXBuildFile; fileRef = 9315D81E13D5417A001B1A70 /* CoreGraphics.framework */; };
		9315D82113D5417A001B1A70 /* QuartzCore.framework in Frameworks */ = {isa = PBXBuildFile; fileRef = 9315D82013D5417A001B1A70 /* QuartzCore.framework */; };
		9315D82313D5417A001B1A70 /* OpenGLES.framework in Frameworks */ = {isa = PBXBuildFile; fileRef = 9315D82213D5417A001B1A70 /* OpenGLES.framework */; };
		9315D82913D5417B001B1A70 /* InfoPlist.strings in Resources */ = {isa = PBXBuildFile; fileRef = 9315D82713D5417B001B1A70 /* InfoPlist.strings */; };
		9315D82C13D5417B001B1A70 /* main.mm in Sources */ = {isa = PBXBuildFile; fileRef = 9315D82B13D5417B001B1A70 /* main.mm */; };
		9315D82F13D5417B001B1A70 /* iRayTraceAppDelegate.mm in Sources */ = {isa = PBXBuildFile; fileRef = 9315D82E13D5417B001B1A70 /* iRayTraceAppDelegate.mm */; };
		9315D83213D5417B001B1A70 /* MainWindow.xib in Resources */ = {isa = PBXBuildFile; fileRef = 9315D83013D5417B001B1A70 /* MainWindow.xib */; };
		9315D83913D5417B001B1A70 /* EAGLView.mm in Sources */ = {isa = PBXBuildFile; fileRef = 9315D83813D5417B001B1A70 /* EAGLView.mm */; };
		9315D83C13D5417B001B1A70 /* iRayTraceViewController.mm in Sources */ = {isa = PBXBuildFile; fileRef = 9315D83B13D5417B001B1A70 /* iRayTraceViewController.mm */; };
		9315D83F13D5417B001B1A70 /* iRayTraceViewController.xib in Resources */ = {isa = PBXBuildFile; fileRef = 9315D83D13D5417B001B1A70 /* iRayTraceViewController.xib */; };
		9315D87913D5433B001B1A70 /* Texture2D.mm in Sources */ = {isa = PBXBuildFile; fileRef = 9315D87813D5433B001B1A70 /* Texture2D.mm */; };
		9315D88B13D679A8001B1A70 /* Shader.fsh in Resources */ = {isa = PBXBuildFile; fileRef = 9315D87B13D543AB001B1A70 /* Shader.fsh */; };
		9315D88C13D679A8001B1A70 /* Shader.vsh in Resources */ = {isa = PBXBuildFile; fileRef = 9315D87C13D543AB001B1A70 /* Shader.vsh */; };
		9315D88D13D679A8001B1A70 /* Texture.fsh in Resources */ = {isa = PBXBuildFile; fileRef = 9315D87D13D543AB001B1A70 /* Texture.fsh */; };
		9315D88E13D679A8001B1A70 /* Texture.vsh in Resources */ = {isa = PBXBuildFile; fileRef = 9315D87E13D543AB001B1A70 /* Texture.vsh */; };
		93D7860C13E312E600E97A99 /* Timer.mm in Sources */ = {isa = PBXBuildFile; fileRef = 93D7860B13E312E500E97A99 /* Timer.mm */; };
		93EFCD1C13E06E8D00EF3DB6 /* Camera.mm in Sources */ = {isa = PBXBuildFile; fileRef = 93EFCD0F13E06E8D00EF3DB6 /* Camera.mm */; };
		93EFCD1D13E06E8D00EF3DB6 /* MathHelper.mm in Sources */ = {isa = PBXBuildFile; fileRef = 93EFCD1113E06E8D00EF3DB6 /* MathHelper.mm */; };
		93EFCD1E13E06E8D00EF3DB6 /* Touch.mm in Sources */ = {isa = PBXBuildFile; fileRef = 93EFCD1313E06E8D00EF3DB6 /* Touch.mm */; };
		93EFCD1F13E06E8D00EF3DB6 /* TouchController.mm in Sources */ = {isa = PBXBuildFile; fileRef = 93EFCD1513E06E8D00EF3DB6 /* TouchController.mm */; };
		93EFCD2013E06E8D00EF3DB6 /* TouchObj.mm in Sources */ = {isa = PBXBuildFile; fileRef = 93EFCD1713E06E8D00EF3DB6 /* TouchObj.mm */; };
		93EFCD2113E06E8D00EF3DB6 /* V2.mm in Sources */ = {isa = PBXBuildFile; fileRef = 93EFCD1913E06E8D00EF3DB6 /* V2.mm */; };
		93EFCD2213E06E8D00EF3DB6 /* V3.mm in Sources */ = {isa = PBXBuildFile; fileRef = 93EFCD1B13E06E8D00EF3DB6 /* V3.mm */; };
		93EFCD2413E06EAF00EF3DB6 /* Test.png in Resources */ = {isa = PBXBuildFile; fileRef = 93EFCD2313E06EAF00EF3DB6 /* Test.png */; };
		93FAD72E13DC91AD0063D4FE /* geom3d.mm in Sources */ = {isa = PBXBuildFile; fileRef = 93FAD72513DC91AD0063D4FE /* geom3d.mm */; };
		93FAD72F13DC91AD0063D4FE /* geom4d.mm in Sources */ = {isa = PBXBuildFile; fileRef = 93FAD72613DC91AD0063D4FE /* geom4d.mm */; };
		93FAD73013DC91AD0063D4FE /* mat2.mm in Sources */ = {isa = PBXBuildFile; fileRef = 93FAD72713DC91AD0063D4FE /* mat2.mm */; };
		93FAD73113DC91AD0063D4FE /* mat3.mm in Sources */ = {isa = PBXBuildFile; fileRef = 93FAD72813DC91AD0063D4FE /* mat3.mm */; };
		93FAD73213DC91AD0063D4FE /* mat4.mm in Sources */ = {isa = PBXBuildFile; fileRef = 93FAD72913DC91AD0063D4FE /* mat4.mm */; };
		93FAD73313DC91AD0063D4FE /* quat.mm in Sources */ = {isa = PBXBuildFile; fileRef = 93FAD72A13DC91AD0063D4FE /* quat.mm */; };
		93FAD73413DC91AD0063D4FE /* symmat2.mm in Sources */ = {isa = PBXBuildFile; fileRef = 93FAD72B13DC91AD0063D4FE /* symmat2.mm */; };
		93FAD73513DC91AD0063D4FE /* symmat3.mm in Sources */ = {isa = PBXBuildFile; fileRef = 93FAD72C13DC91AD0063D4FE /* symmat3.mm */; };
		93FAD73613DC91AD0063D4FE /* symmat4.mm in Sources */ = {isa = PBXBuildFile; fileRef = 93FAD72D13DC91AD0063D4FE /* symmat4.mm */; };
/* End PBXBuildFile section */

/* Begin PBXFileReference section */
		93105F2D13FDEEDE00C9AF1A /* BezierPath.mm */ = {isa = PBXFileReference; fileEncoding = 4; lastKnownFileType = sourcecode.cpp.objcpp; name = BezierPath.mm; path = me/BezierPath.mm; sourceTree = "<group>"; };
		93105F2E13FDEEDE00C9AF1A /* BezierPath.h */ = {isa = PBXFileReference; fileEncoding = 4; lastKnownFileType = sourcecode.c.h; name = BezierPath.h; path = me/BezierPath.h; sourceTree = "<group>"; };
		9315D81613D5417A001B1A70 /* iRayTrace.app */ = {isa = PBXFileReference; explicitFileType = wrapper.application; includeInIndex = 0; path = iRayTrace.app; sourceTree = BUILT_PRODUCTS_DIR; };
		9315D81A13D5417A001B1A70 /* UIKit.framework */ = {isa = PBXFileReference; lastKnownFileType = wrapper.framework; name = UIKit.framework; path = System/Library/Frameworks/UIKit.framework; sourceTree = SDKROOT; };
		9315D81C13D5417A001B1A70 /* Foundation.framework */ = {isa = PBXFileReference; lastKnownFileType = wrapper.framework; name = Foundation.framework; path = System/Library/Frameworks/Foundation.framework; sourceTree = SDKROOT; };
		9315D81E13D5417A001B1A70 /* CoreGraphics.framework */ = {isa = PBXFileReference; lastKnownFileType = wrapper.framework; name = CoreGraphics.framework; path = System/Library/Frameworks/CoreGraphics.framework; sourceTree = SDKROOT; };
		9315D82013D5417A001B1A70 /* QuartzCore.framework */ = {isa = PBXFileReference; lastKnownFileType = wrapper.framework; name = QuartzCore.framework; path = System/Library/Frameworks/QuartzCore.framework; sourceTree = SDKROOT; };
		9315D82213D5417A001B1A70 /* OpenGLES.framework */ = {isa = PBXFileReference; lastKnownFileType = wrapper.framework; name = OpenGLES.framework; path = System/Library/Frameworks/OpenGLES.framework; sourceTree = SDKROOT; };
		9315D82613D5417B001B1A70 /* iRayTrace-Info.plist */ = {isa = PBXFileReference; lastKnownFileType = text.plist.xml; path = "iRayTrace-Info.plist"; sourceTree = "<group>"; };
		9315D82813D5417B001B1A70 /* en */ = {isa = PBXFileReference; lastKnownFileType = text.plist.strings; name = en; path = en.lproj/InfoPlist.strings; sourceTree = "<group>"; };
		9315D82A13D5417B001B1A70 /* iRayTrace-Prefix.pch */ = {isa = PBXFileReference; lastKnownFileType = sourcecode.c.h; path = "iRayTrace-Prefix.pch"; sourceTree = "<group>"; };
		9315D82B13D5417B001B1A70 /* main.mm */ = {isa = PBXFileReference; lastKnownFileType = sourcecode.cpp.objcpp; path = main.mm; sourceTree = "<group>"; };
		9315D82D13D5417B001B1A70 /* iRayTraceAppDelegate.h */ = {isa = PBXFileReference; lastKnownFileType = sourcecode.c.h; path = iRayTraceAppDelegate.h; sourceTree = "<group>"; };
		9315D82E13D5417B001B1A70 /* iRayTraceAppDelegate.mm */ = {isa = PBXFileReference; lastKnownFileType = sourcecode.cpp.objcpp; path = iRayTraceAppDelegate.mm; sourceTree = "<group>"; };
		9315D83113D5417B001B1A70 /* en */ = {isa = PBXFileReference; lastKnownFileType = file.xib; name = en; path = en.lproj/MainWindow.xib; sourceTree = "<group>"; };
		9315D83713D5417B001B1A70 /* EAGLView.h */ = {isa = PBXFileReference; lastKnownFileType = sourcecode.c.h; path = EAGLView.h; sourceTree = "<group>"; };
		9315D83813D5417B001B1A70 /* EAGLView.mm */ = {isa = PBXFileReference; lastKnownFileType = sourcecode.cpp.objcpp; path = EAGLView.mm; sourceTree = "<group>"; };
		9315D83A13D5417B001B1A70 /* iRayTraceViewController.h */ = {isa = PBXFileReference; lastKnownFileType = sourcecode.c.h; path = iRayTraceViewController.h; sourceTree = "<group>"; };
		9315D83B13D5417B001B1A70 /* iRayTraceViewController.mm */ = {isa = PBXFileReference; lastKnownFileType = sourcecode.cpp.objcpp; path = iRayTraceViewController.mm; sourceTree = "<group>"; };
		9315D83E13D5417B001B1A70 /* en */ = {isa = PBXFileReference; lastKnownFileType = file.xib; name = en; path = en.lproj/iRayTraceViewController.xib; sourceTree = "<group>"; };
		9315D85C13D542F6001B1A70 /* arcball.h */ = {isa = PBXFileReference; fileEncoding = 4; lastKnownFileType = sourcecode.c.h; name = arcball.h; path = gfx/arcball.h; sourceTree = "<group>"; };
		9315D85D13D542F6001B1A70 /* array.h */ = {isa = PBXFileReference; fileEncoding = 4; lastKnownFileType = sourcecode.c.h; name = array.h; path = gfx/array.h; sourceTree = "<group>"; };
		9315D85E13D542F6001B1A70 /* baseball.h */ = {isa = PBXFileReference; fileEncoding = 4; lastKnownFileType = sourcecode.c.h; name = baseball.h; path = gfx/baseball.h; sourceTree = "<group>"; };
		9315D85F13D542F6001B1A70 /* color.h */ = {isa = PBXFileReference; fileEncoding = 4; lastKnownFileType = sourcecode.c.h; name = color.h; path = gfx/color.h; sourceTree = "<group>"; };
		9315D86013D542F6001B1A70 /* config-osx.h */ = {isa = PBXFileReference; fileEncoding = 4; lastKnownFileType = sourcecode.c.h; name = "config-osx.h"; path = "gfx/config-osx.h"; sourceTree = "<group>"; };
		9315D86113D542F6001B1A70 /* config-vc.h */ = {isa = PBXFileReference; fileEncoding = 4; lastKnownFileType = sourcecode.c.h; name = "config-vc.h"; path = "gfx/config-vc.h"; sourceTree = "<group>"; };
		9315D86213D542F6001B1A70 /* geom3d.h */ = {isa = PBXFileReference; fileEncoding = 4; lastKnownFileType = sourcecode.c.h; name = geom3d.h; path = gfx/geom3d.h; sourceTree = "<group>"; };
		9315D86313D542F6001B1A70 /* geom4d.h */ = {isa = PBXFileReference; fileEncoding = 4; lastKnownFileType = sourcecode.c.h; name = geom4d.h; path = gfx/geom4d.h; sourceTree = "<group>"; };
		9315D86413D542F6001B1A70 /* gfx.h */ = {isa = PBXFileReference; fileEncoding = 4; lastKnownFileType = sourcecode.c.h; name = gfx.h; path = gfx/gfx.h; sourceTree = "<group>"; };
		9315D86513D542F6001B1A70 /* gl.h */ = {isa = PBXFileReference; fileEncoding = 4; lastKnownFileType = sourcecode.c.h; name = gl.h; path = gfx/gl.h; sourceTree = "<group>"; };
		9315D86613D542F6001B1A70 /* glext.h */ = {isa = PBXFileReference; fileEncoding = 4; lastKnownFileType = sourcecode.c.h; name = glext.h; path = gfx/glext.h; sourceTree = "<group>"; };
		9315D86713D542F6001B1A70 /* gltools.h */ = {isa = PBXFileReference; fileEncoding = 4; lastKnownFileType = sourcecode.c.h; name = gltools.h; path = gfx/gltools.h; sourceTree = "<group>"; };
		9315D86813D542F6001B1A70 /* gui.h */ = {isa = PBXFileReference; fileEncoding = 4; lastKnownFileType = sourcecode.c.h; name = gui.h; path = gfx/gui.h; sourceTree = "<group>"; };
		9315D86913D542F6001B1A70 /* intvec.h */ = {isa = PBXFileReference; fileEncoding = 4; lastKnownFileType = sourcecode.c.h; name = intvec.h; path = gfx/intvec.h; sourceTree = "<group>"; };
		9315D86A13D542F6001B1A70 /* mat2.h */ = {isa = PBXFileReference; fileEncoding = 4; lastKnownFileType = sourcecode.c.h; name = mat2.h; path = gfx/mat2.h; sourceTree = "<group>"; };
		9315D86B13D542F6001B1A70 /* mat3.h */ = {isa = PBXFileReference; fileEncoding = 4; lastKnownFileType = sourcecode.c.h; name = mat3.h; path = gfx/mat3.h; sourceTree = "<group>"; };
		9315D86C13D542F6001B1A70 /* mat4.h */ = {isa = PBXFileReference; fileEncoding = 4; lastKnownFileType = sourcecode.c.h; name = mat4.h; path = gfx/mat4.h; sourceTree = "<group>"; };
		9315D86D13D542F6001B1A70 /* quat.h */ = {isa = PBXFileReference; fileEncoding = 4; lastKnownFileType = sourcecode.c.h; name = quat.h; path = gfx/quat.h; sourceTree = "<group>"; };
		9315D86E13D542F6001B1A70 /* raster.h */ = {isa = PBXFileReference; fileEncoding = 4; lastKnownFileType = sourcecode.c.h; name = raster.h; path = gfx/raster.h; sourceTree = "<group>"; };
		9315D86F13D542F6001B1A70 /* script.h */ = {isa = PBXFileReference; fileEncoding = 4; lastKnownFileType = sourcecode.c.h; name = script.h; path = gfx/script.h; sourceTree = "<group>"; };
		9315D87013D542F6001B1A70 /* symmat2.h */ = {isa = PBXFileReference; fileEncoding = 4; lastKnownFileType = sourcecode.c.h; name = symmat2.h; path = gfx/symmat2.h; sourceTree = "<group>"; };
		9315D87113D542F6001B1A70 /* symmat3.h */ = {isa = PBXFileReference; fileEncoding = 4; lastKnownFileType = sourcecode.c.h; name = symmat3.h; path = gfx/symmat3.h; sourceTree = "<group>"; };
		9315D87213D542F6001B1A70 /* symmat4.h */ = {isa = PBXFileReference; fileEncoding = 4; lastKnownFileType = sourcecode.c.h; name = symmat4.h; path = gfx/symmat4.h; sourceTree = "<group>"; };
		9315D87313D542F6001B1A70 /* trackball.h */ = {isa = PBXFileReference; fileEncoding = 4; lastKnownFileType = sourcecode.c.h; name = trackball.h; path = gfx/trackball.h; sourceTree = "<group>"; };
		9315D87413D542F6001B1A70 /* vec2.h */ = {isa = PBXFileReference; fileEncoding = 4; lastKnownFileType = sourcecode.c.h; name = vec2.h; path = gfx/vec2.h; sourceTree = "<group>"; };
		9315D87513D542F6001B1A70 /* vec3.h */ = {isa = PBXFileReference; fileEncoding = 4; lastKnownFileType = sourcecode.c.h; name = vec3.h; path = gfx/vec3.h; sourceTree = "<group>"; };
		9315D87613D542F6001B1A70 /* vec4.h */ = {isa = PBXFileReference; fileEncoding = 4; lastKnownFileType = sourcecode.c.h; name = vec4.h; path = gfx/vec4.h; sourceTree = "<group>"; };
		9315D87713D5433B001B1A70 /* Texture2D.h */ = {isa = PBXFileReference; fileEncoding = 4; lastKnownFileType = sourcecode.c.h; path = Texture2D.h; sourceTree = "<group>"; };
		9315D87813D5433B001B1A70 /* Texture2D.mm */ = {isa = PBXFileReference; fileEncoding = 4; lastKnownFileType = sourcecode.cpp.objcpp; path = Texture2D.mm; sourceTree = "<group>"; };
		9315D87B13D543AB001B1A70 /* Shader.fsh */ = {isa = PBXFileReference; fileEncoding = 4; lastKnownFileType = sourcecode.glsl; name = Shader.fsh; path = Shaders/Shader.fsh; sourceTree = "<group>"; };
		9315D87C13D543AB001B1A70 /* Shader.vsh */ = {isa = PBXFileReference; fileEncoding = 4; lastKnownFileType = sourcecode.glsl; name = Shader.vsh; path = Shaders/Shader.vsh; sourceTree = "<group>"; };
		9315D87D13D543AB001B1A70 /* Texture.fsh */ = {isa = PBXFileReference; fileEncoding = 4; lastKnownFileType = sourcecode.glsl; name = Texture.fsh; path = Shaders/Texture.fsh; sourceTree = "<group>"; };
		9315D87E13D543AB001B1A70 /* Texture.vsh */ = {isa = PBXFileReference; fileEncoding = 4; lastKnownFileType = sourcecode.glsl; name = Texture.vsh; path = Shaders/Texture.vsh; sourceTree = "<group>"; };
		93D7860A13E312E500E97A99 /* Timer.h */ = {isa = PBXFileReference; fileEncoding = 4; lastKnownFileType = sourcecode.c.h; name = Timer.h; path = me/Timer.h; sourceTree = "<group>"; };
		93D7860B13E312E500E97A99 /* Timer.mm */ = {isa = PBXFileReference; fileEncoding = 4; lastKnownFileType = sourcecode.cpp.objcpp; name = Timer.mm; path = me/Timer.mm; sourceTree = "<group>"; };
		93EFCD0E13E06E8D00EF3DB6 /* Camera.h */ = {isa = PBXFileReference; fileEncoding = 4; lastKnownFileType = sourcecode.c.h; name = Camera.h; path = me/Camera.h; sourceTree = "<group>"; };
		93EFCD0F13E06E8D00EF3DB6 /* Camera.mm */ = {isa = PBXFileReference; fileEncoding = 4; lastKnownFileType = sourcecode.cpp.objcpp; name = Camera.mm; path = me/Camera.mm; sourceTree = "<group>"; };
		93EFCD1013E06E8D00EF3DB6 /* MathHelper.h */ = {isa = PBXFileReference; fileEncoding = 4; lastKnownFileType = sourcecode.c.h; name = MathHelper.h; path = me/MathHelper.h; sourceTree = "<group>"; };
		93EFCD1113E06E8D00EF3DB6 /* MathHelper.mm */ = {isa = PBXFileReference; fileEncoding = 4; lastKnownFileType = sourcecode.cpp.objcpp; name = MathHelper.mm; path = me/MathHelper.mm; sourceTree = "<group>"; };
		93EFCD1213E06E8D00EF3DB6 /* Touch.h */ = {isa = PBXFileReference; fileEncoding = 4; lastKnownFileType = sourcecode.c.h; name = Touch.h; path = me/Touch.h; sourceTree = "<group>"; };
		93EFCD1313E06E8D00EF3DB6 /* Touch.mm */ = {isa = PBXFileReference; fileEncoding = 4; lastKnownFileType = sourcecode.cpp.objcpp; name = Touch.mm; path = me/Touch.mm; sourceTree = "<group>"; };
		93EFCD1413E06E8D00EF3DB6 /* TouchController.h */ = {isa = PBXFileReference; fileEncoding = 4; lastKnownFileType = sourcecode.c.h; name = TouchController.h; path = me/TouchController.h; sourceTree = "<group>"; };
		93EFCD1513E06E8D00EF3DB6 /* TouchController.mm */ = {isa = PBXFileReference; fileEncoding = 4; lastKnownFileType = sourcecode.cpp.objcpp; name = TouchController.mm; path = me/TouchController.mm; sourceTree = "<group>"; };
		93EFCD1613E06E8D00EF3DB6 /* TouchObj.h */ = {isa = PBXFileReference; fileEncoding = 4; lastKnownFileType = sourcecode.c.h; name = TouchObj.h; path = me/TouchObj.h; sourceTree = "<group>"; };
		93EFCD1713E06E8D00EF3DB6 /* TouchObj.mm */ = {isa = PBXFileReference; fileEncoding = 4; lastKnownFileType = sourcecode.cpp.objcpp; name = TouchObj.mm; path = me/TouchObj.mm; sourceTree = "<group>"; };
		93EFCD1813E06E8D00EF3DB6 /* V2.h */ = {isa = PBXFileReference; fileEncoding = 4; lastKnownFileType = sourcecode.c.h; name = V2.h; path = me/V2.h; sourceTree = "<group>"; };
		93EFCD1913E06E8D00EF3DB6 /* V2.mm */ = {isa = PBXFileReference; fileEncoding = 4; lastKnownFileType = sourcecode.cpp.objcpp; name = V2.mm; path = me/V2.mm; sourceTree = "<group>"; };
		93EFCD1A13E06E8D00EF3DB6 /* V3.h */ = {isa = PBXFileReference; fileEncoding = 4; lastKnownFileType = sourcecode.c.h; name = V3.h; path = me/V3.h; sourceTree = "<group>"; };
		93EFCD1B13E06E8D00EF3DB6 /* V3.mm */ = {isa = PBXFileReference; fileEncoding = 4; lastKnownFileType = sourcecode.cpp.objcpp; name = V3.mm; path = me/V3.mm; sourceTree = "<group>"; };
		93EFCD2313E06EAF00EF3DB6 /* Test.png */ = {isa = PBXFileReference; lastKnownFileType = image.png; name = Test.png; path = Textures/Test.png; sourceTree = "<group>"; };
		93FAD72513DC91AD0063D4FE /* geom3d.mm */ = {isa = PBXFileReference; fileEncoding = 4; lastKnownFileType = sourcecode.cpp.objcpp; name = geom3d.mm; path = gfx/geom3d.mm; sourceTree = "<group>"; };
		93FAD72613DC91AD0063D4FE /* geom4d.mm */ = {isa = PBXFileReference; fileEncoding = 4; lastKnownFileType = sourcecode.cpp.objcpp; name = geom4d.mm; path = gfx/geom4d.mm; sourceTree = "<group>"; };
		93FAD72713DC91AD0063D4FE /* mat2.mm */ = {isa = PBXFileReference; fileEncoding = 4; lastKnownFileType = sourcecode.cpp.objcpp; name = mat2.mm; path = gfx/mat2.mm; sourceTree = "<group>"; };
		93FAD72813DC91AD0063D4FE /* mat3.mm */ = {isa = PBXFileReference; fileEncoding = 4; lastKnownFileType = sourcecode.cpp.objcpp; name = mat3.mm; path = gfx/mat3.mm; sourceTree = "<group>"; };
		93FAD72913DC91AD0063D4FE /* mat4.mm */ = {isa = PBXFileReference; fileEncoding = 4; lastKnownFileType = sourcecode.cpp.objcpp; name = mat4.mm; path = gfx/mat4.mm; sourceTree = "<group>"; };
		93FAD72A13DC91AD0063D4FE /* quat.mm */ = {isa = PBXFileReference; fileEncoding = 4; lastKnownFileType = sourcecode.cpp.objcpp; name = quat.mm; path = gfx/quat.mm; sourceTree = "<group>"; };
		93FAD72B13DC91AD0063D4FE /* symmat2.mm */ = {isa = PBXFileReference; fileEncoding = 4; lastKnownFileType = sourcecode.cpp.objcpp; name = symmat2.mm; path = gfx/symmat2.mm; sourceTree = "<group>"; };
		93FAD72C13DC91AD0063D4FE /* symmat3.mm */ = {isa = PBXFileReference; fileEncoding = 4; lastKnownFileType = sourcecode.cpp.objcpp; name = symmat3.mm; path = gfx/symmat3.mm; sourceTree = "<group>"; };
		93FAD72D13DC91AD0063D4FE /* symmat4.mm */ = {isa = PBXFileReference; fileEncoding = 4; lastKnownFileType = sourcecode.cpp.objcpp; name = symmat4.mm; path = gfx/symmat4.mm; sourceTree = "<group>"; };
/* End PBXFileReference section */

/* Begin PBXFrameworksBuildPhase section */
		9315D81313D5417A001B1A70 /* Frameworks */ = {
			isa = PBXFrameworksBuildPhase;
			buildActionMask = 2147483647;
			files = (
				9315D81B13D5417A001B1A70 /* UIKit.framework in Frameworks */,
				9315D81D13D5417A001B1A70 /* Foundation.framework in Frameworks */,
				9315D81F13D5417A001B1A70 /* CoreGraphics.framework in Frameworks */,
				9315D82113D5417A001B1A70 /* QuartzCore.framework in Frameworks */,
				9315D82313D5417A001B1A70 /* OpenGLES.framework in Frameworks */,
			);
			runOnlyForDeploymentPostprocessing = 0;
		};
/* End PBXFrameworksBuildPhase section */

/* Begin PBXGroup section */
		9315D80B13D5417A001B1A70 = {
			isa = PBXGroup;
			children = (
				9315D82413D5417A001B1A70 /* iRayTrace */,
				9315D81913D5417A001B1A70 /* Frameworks */,
				9315D81713D5417A001B1A70 /* Products */,
			);
			sourceTree = "<group>";
		};
		9315D81713D5417A001B1A70 /* Products */ = {
			isa = PBXGroup;
			children = (
				9315D81613D5417A001B1A70 /* iRayTrace.app */,
			);
			name = Products;
			sourceTree = "<group>";
		};
		9315D81913D5417A001B1A70 /* Frameworks */ = {
			isa = PBXGroup;
			children = (
				9315D81A13D5417A001B1A70 /* UIKit.framework */,
				9315D81C13D5417A001B1A70 /* Foundation.framework */,
				9315D81E13D5417A001B1A70 /* CoreGraphics.framework */,
				9315D82013D5417A001B1A70 /* QuartzCore.framework */,
				9315D82213D5417A001B1A70 /* OpenGLES.framework */,
			);
			name = Frameworks;
			sourceTree = "<group>";
		};
		9315D82413D5417A001B1A70 /* iRayTrace */ = {
			isa = PBXGroup;
			children = (
				93EFCD0D13E06E3A00EF3DB6 /* cocoas2d */,
				9315D84613D542AE001B1A70 /* Textures */,
				9315D87A13D54397001B1A70 /* Shaders */,
				9315D84713D542B8001B1A70 /* me */,
				9315D84513D542A5001B1A70 /* gfx */,
				9315D82D13D5417B001B1A70 /* iRayTraceAppDelegate.h */,
				9315D82E13D5417B001B1A70 /* iRayTraceAppDelegate.mm */,
				9315D83713D5417B001B1A70 /* EAGLView.h */,
				9315D83813D5417B001B1A70 /* EAGLView.mm */,
				9315D83A13D5417B001B1A70 /* iRayTraceViewController.h */,
				9315D83B13D5417B001B1A70 /* iRayTraceViewController.mm */,
				9315D83013D5417B001B1A70 /* MainWindow.xib */,
				9315D83D13D5417B001B1A70 /* iRayTraceViewController.xib */,
				9315D82513D5417A001B1A70 /* Supporting Files */,
			);
			path = iRayTrace;
			sourceTree = "<group>";
		};
		9315D82513D5417A001B1A70 /* Supporting Files */ = {
			isa = PBXGroup;
			children = (
				9315D82613D5417B001B1A70 /* iRayTrace-Info.plist */,
				9315D82713D5417B001B1A70 /* InfoPlist.strings */,
				9315D82A13D5417B001B1A70 /* iRayTrace-Prefix.pch */,
				9315D82B13D5417B001B1A70 /* main.mm */,
			);
			name = "Supporting Files";
			sourceTree = "<group>";
		};
		9315D84513D542A5001B1A70 /* gfx */ = {
			isa = PBXGroup;
			children = (
				93FAD72513DC91AD0063D4FE /* geom3d.mm */,
				93FAD72613DC91AD0063D4FE /* geom4d.mm */,
				93FAD72713DC91AD0063D4FE /* mat2.mm */,
				93FAD72813DC91AD0063D4FE /* mat3.mm */,
				93FAD72913DC91AD0063D4FE /* mat4.mm */,
				93FAD72A13DC91AD0063D4FE /* quat.mm */,
				93FAD72B13DC91AD0063D4FE /* symmat2.mm */,
				93FAD72C13DC91AD0063D4FE /* symmat3.mm */,
				93FAD72D13DC91AD0063D4FE /* symmat4.mm */,
				9315D85C13D542F6001B1A70 /* arcball.h */,
				9315D85D13D542F6001B1A70 /* array.h */,
				9315D85E13D542F6001B1A70 /* baseball.h */,
				9315D85F13D542F6001B1A70 /* color.h */,
				9315D86013D542F6001B1A70 /* config-osx.h */,
				9315D86113D542F6001B1A70 /* config-vc.h */,
				9315D86213D542F6001B1A70 /* geom3d.h */,
				9315D86313D542F6001B1A70 /* geom4d.h */,
				9315D86413D542F6001B1A70 /* gfx.h */,
				9315D86513D542F6001B1A70 /* gl.h */,
				9315D86613D542F6001B1A70 /* glext.h */,
				9315D86713D542F6001B1A70 /* gltools.h */,
				9315D86813D542F6001B1A70 /* gui.h */,
				9315D86913D542F6001B1A70 /* intvec.h */,
				9315D86A13D542F6001B1A70 /* mat2.h */,
				9315D86B13D542F6001B1A70 /* mat3.h */,
				9315D86C13D542F6001B1A70 /* mat4.h */,
				9315D86D13D542F6001B1A70 /* quat.h */,
				9315D86E13D542F6001B1A70 /* raster.h */,
				9315D86F13D542F6001B1A70 /* script.h */,
				9315D87013D542F6001B1A70 /* symmat2.h */,
				9315D87113D542F6001B1A70 /* symmat3.h */,
				9315D87213D542F6001B1A70 /* symmat4.h */,
				9315D87313D542F6001B1A70 /* trackball.h */,
				9315D87413D542F6001B1A70 /* vec2.h */,
				9315D87513D542F6001B1A70 /* vec3.h */,
				9315D87613D542F6001B1A70 /* vec4.h */,
			);
			name = gfx;
			sourceTree = "<group>";
		};
		9315D84613D542AE001B1A70 /* Textures */ = {
			isa = PBXGroup;
			children = (
				93EFCD2313E06EAF00EF3DB6 /* Test.png */,
			);
			name = Textures;
			sourceTree = "<group>";
		};
		9315D84713D542B8001B1A70 /* me */ = {
			isa = PBXGroup;
			children = (
				93D7860A13E312E500E97A99 /* Timer.h */,
				93D7860B13E312E500E97A99 /* Timer.mm */,
				93EFCD0E13E06E8D00EF3DB6 /* Camera.h */,
				93EFCD0F13E06E8D00EF3DB6 /* Camera.mm */,
				93EFCD1013E06E8D00EF3DB6 /* MathHelper.h */,
				93EFCD1113E06E8D00EF3DB6 /* MathHelper.mm */,
				93EFCD1213E06E8D00EF3DB6 /* Touch.h */,
				93EFCD1313E06E8D00EF3DB6 /* Touch.mm */,
				93EFCD1413E06E8D00EF3DB6 /* TouchController.h */,
				93EFCD1513E06E8D00EF3DB6 /* TouchController.mm */,
				93EFCD1613E06E8D00EF3DB6 /* TouchObj.h */,
				93EFCD1713E06E8D00EF3DB6 /* TouchObj.mm */,
				93EFCD1813E06E8D00EF3DB6 /* V2.h */,
				93EFCD1913E06E8D00EF3DB6 /* V2.mm */,
				93EFCD1A13E06E8D00EF3DB6 /* V3.h */,
				93EFCD1B13E06E8D00EF3DB6 /* V3.mm */,
				93105F2E13FDEEDE00C9AF1A /* BezierPath.h */,
				93105F2D13FDEEDE00C9AF1A /* BezierPath.mm */,
			);
			name = me;
			sourceTree = "<group>";
		};
		9315D87A13D54397001B1A70 /* Shaders */ = {
			isa = PBXGroup;
			children = (
				9315D87B13D543AB001B1A70 /* Shader.fsh */,
				9315D87C13D543AB001B1A70 /* Shader.vsh */,
				9315D87D13D543AB001B1A70 /* Texture.fsh */,
				9315D87E13D543AB001B1A70 /* Texture.vsh */,
			);
			name = Shaders;
			sourceTree = "<group>";
		};
		93EFCD0D13E06E3A00EF3DB6 /* cocoas2d */ = {
			isa = PBXGroup;
			children = (
				9315D87713D5433B001B1A70 /* Texture2D.h */,
				9315D87813D5433B001B1A70 /* Texture2D.mm */,
			);
			name = cocoas2d;
			sourceTree = "<group>";
		};
/* End PBXGroup section */

/* Begin PBXNativeTarget section */
		9315D81513D5417A001B1A70 /* iRayTrace */ = {
			isa = PBXNativeTarget;
			buildConfigurationList = 9315D84213D5417B001B1A70 /* Build configuration list for PBXNativeTarget "iRayTrace" */;
			buildPhases = (
				9315D81213D5417A001B1A70 /* Sources */,
				9315D81313D5417A001B1A70 /* Frameworks */,
				9315D81413D5417A001B1A70 /* Resources */,
			);
			buildRules = (
			);
			dependencies = (
			);
			name = iRayTrace;
			productName = iRayTrace;
			productReference = 9315D81613D5417A001B1A70 /* iRayTrace.app */;
			productType = "com.apple.product-type.application";
		};
/* End PBXNativeTarget section */

/* Begin PBXProject section */
		9315D80D13D5417A001B1A70 /* Project object */ = {
			isa = PBXProject;
			buildConfigurationList = 9315D81013D5417A001B1A70 /* Build configuration list for PBXProject "iRayTrace" */;
			compatibilityVersion = "Xcode 3.2";
			developmentRegion = English;
			hasScannedForEncodings = 0;
			knownRegions = (
				en,
			);
			mainGroup = 9315D80B13D5417A001B1A70;
			productRefGroup = 9315D81713D5417A001B1A70 /* Products */;
			projectDirPath = "";
			projectRoot = "";
			targets = (
				9315D81513D5417A001B1A70 /* iRayTrace */,
			);
		};
/* End PBXProject section */

/* Begin PBXResourcesBuildPhase section */
		9315D81413D5417A001B1A70 /* Resources */ = {
			isa = PBXResourcesBuildPhase;
			buildActionMask = 2147483647;
			files = (
				9315D88B13D679A8001B1A70 /* Shader.fsh in Resources */,
				9315D88C13D679A8001B1A70 /* Shader.vsh in Resources */,
				9315D88D13D679A8001B1A70 /* Texture.fsh in Resources */,
				9315D88E13D679A8001B1A70 /* Texture.vsh in Resources */,
				9315D82913D5417B001B1A70 /* InfoPlist.strings in Resources */,
				9315D83213D5417B001B1A70 /* MainWindow.xib in Resources */,
				9315D83F13D5417B001B1A70 /* iRayTraceViewController.xib in Resources */,
				93EFCD2413E06EAF00EF3DB6 /* Test.png in Resources */,
			);
			runOnlyForDeploymentPostprocessing = 0;
		};
/* End PBXResourcesBuildPhase section */

/* Begin PBXSourcesBuildPhase section */
		9315D81213D5417A001B1A70 /* Sources */ = {
			isa = PBXSourcesBuildPhase;
			buildActionMask = 2147483647;
			files = (
				9315D82C13D5417B001B1A70 /* main.mm in Sources */,
				9315D82F13D5417B001B1A70 /* iRayTraceAppDelegate.mm in Sources */,
				9315D83913D5417B001B1A70 /* EAGLView.mm in Sources */,
				9315D83C13D5417B001B1A70 /* iRayTraceViewController.mm in Sources */,
				9315D87913D5433B001B1A70 /* Texture2D.mm in Sources */,
				93FAD72E13DC91AD0063D4FE /* geom3d.mm in Sources */,
				93FAD72F13DC91AD0063D4FE /* geom4d.mm in Sources */,
				93FAD73013DC91AD0063D4FE /* mat2.mm in Sources */,
				93FAD73113DC91AD0063D4FE /* mat3.mm in Sources */,
				93FAD73213DC91AD0063D4FE /* mat4.mm in Sources */,
				93FAD73313DC91AD0063D4FE /* quat.mm in Sources */,
				93FAD73413DC91AD0063D4FE /* symmat2.mm in Sources */,
				93FAD73513DC91AD0063D4FE /* symmat3.mm in Sources */,
				93FAD73613DC91AD0063D4FE /* symmat4.mm in Sources */,
				93EFCD1C13E06E8D00EF3DB6 /* Camera.mm in Sources */,
				93EFCD1D13E06E8D00EF3DB6 /* MathHelper.mm in Sources */,
				93EFCD1E13E06E8D00EF3DB6 /* Touch.mm in Sources */,
				93EFCD1F13E06E8D00EF3DB6 /* TouchController.mm in Sources */,
				93EFCD2013E06E8D00EF3DB6 /* TouchObj.mm in Sources */,
				93EFCD2113E06E8D00EF3DB6 /* V2.mm in Sources */,
				93EFCD2213E06E8D00EF3DB6 /* V3.mm in Sources */,
				93D7860C13E312E600E97A99 /* Timer.mm in Sources */,
				93105F2F13FDEEDE00C9AF1A /* BezierPath.mm in Sources */,
			);
			runOnlyForDeploymentPostprocessing = 0;
		};
/* End PBXSourcesBuildPhase section */

/* Begin PBXVariantGroup section */
		9315D82713D5417B001B1A70 /* InfoPlist.strings */ = {
			isa = PBXVariantGroup;
			children = (
				9315D82813D5417B001B1A70 /* en */,
			);
			name = InfoPlist.strings;
			sourceTree = "<group>";
		};
		9315D83013D5417B001B1A70 /* MainWindow.xib */ = {
			isa = PBXVariantGroup;
			children = (
				9315D83113D5417B001B1A70 /* en */,
			);
			name = MainWindow.xib;
			sourceTree = "<group>";
		};
		9315D83D13D5417B001B1A70 /* iRayTraceViewController.xib */ = {
			isa = PBXVariantGroup;
			children = (
				9315D83E13D5417B001B1A70 /* en */,
			);
			name = iRayTraceViewController.xib;
			sourceTree = "<group>";
		};
/* End PBXVariantGroup section */

/* Begin XCBuildConfiguration section */
		9315D84013D5417B001B1A70 /* Debug */ = {
			isa = XCBuildConfiguration;
			buildSettings = {
				ARCHS = "$(ARCHS_UNIVERSAL_IPHONE_OS)";
				"CODE_SIGN_IDENTITY[sdk=iphoneos*]" = "iPhone Developer";
				GCC_C_LANGUAGE_STANDARD = gnu99;
				GCC_OPTIMIZATION_LEVEL = 0;
				GCC_PREPROCESSOR_DEFINITIONS = DEBUG;
				GCC_SYMBOLS_PRIVATE_EXTERN = NO;
				GCC_VERSION = com.apple.compilers.llvmgcc42;
				GCC_WARN_ABOUT_RETURN_TYPE = YES;
				GCC_WARN_UNUSED_VARIABLE = YES;
				IPHONEOS_DEPLOYMENT_TARGET = 4.3;
				SDKROOT = iphoneos;
				TARGETED_DEVICE_FAMILY = 2;
			};
			name = Debug;
		};
		9315D84113D5417B001B1A70 /* Release */ = {
			isa = XCBuildConfiguration;
			buildSettings = {
				ARCHS = "$(ARCHS_UNIVERSAL_IPHONE_OS)";
				"CODE_SIGN_IDENTITY[sdk=iphoneos*]" = "iPhone Developer";
				GCC_C_LANGUAGE_STANDARD = gnu99;
				GCC_VERSION = com.apple.compilers.llvmgcc42;
				GCC_WARN_ABOUT_RETURN_TYPE = YES;
				GCC_WARN_UNUSED_VARIABLE = YES;
				IPHONEOS_DEPLOYMENT_TARGET = 4.3;
				OTHER_CFLAGS = "-DNS_BLOCK_ASSERTIONS=1";
				SDKROOT = iphoneos;
				TARGETED_DEVICE_FAMILY = 2;
			};
			name = Release;
		};
		9315D84313D5417B001B1A70 /* Debug */ = {
			isa = XCBuildConfiguration;
			buildSettings = {
				ALWAYS_SEARCH_USER_PATHS = NO;
				COPY_PHASE_STRIP = NO;
				GCC_DYNAMIC_NO_PIC = NO;
				GCC_PRECOMPILE_PREFIX_HEADER = YES;
				GCC_PREFIX_HEADER = "iRayTrace/iRayTrace-Prefix.pch";
				"GCC_THUMB_SUPPORT[arch=armv6]" = "";
				INFOPLIST_FILE = "iRayTrace/iRayTrace-Info.plist";
				PRODUCT_NAME = "$(TARGET_NAME)";
				WRAPPER_EXTENSION = app;
			};
			name = Debug;
		};
		9315D84413D5417B001B1A70 /* Release */ = {
			isa = XCBuildConfiguration;
			buildSettings = {
				ALWAYS_SEARCH_USER_PATHS = NO;
				COPY_PHASE_STRIP = YES;
				GCC_PRECOMPILE_PREFIX_HEADER = YES;
				GCC_PREFIX_HEADER = "iRayTrace/iRayTrace-Prefix.pch";
				"GCC_THUMB_SUPPORT[arch=armv6]" = "";
				INFOPLIST_FILE = "iRayTrace/iRayTrace-Info.plist";
				PRODUCT_NAME = "$(TARGET_NAME)";
				VALIDATE_PRODUCT = YES;
				WRAPPER_EXTENSION = app;
			};
			name = Release;
		};
/* End XCBuildConfiguration section */

/* Begin XCConfigurationList section */
		9315D81013D5417A001B1A70 /* Build configuration list for PBXProject "iRayTrace" */ = {
			isa = XCConfigurationList;
			buildConfigurations = (
				9315D84013D5417B001B1A70 /* Debug */,
				9315D84113D5417B001B1A70 /* Release */,
			);
			defaultConfigurationIsVisible = 0;
			defaultConfigurationName = Release;
		};
		9315D84213D5417B001B1A70 /* Build configuration list for PBXNativeTarget "iRayTrace" */ = {
			isa = XCConfigurationList;
			buildConfigurations = (
				9315D84313D5417B001B1A70 /* Debug */,
				9315D84413D5417B001B1A70 /* Release */,
			);
			defaultConfigurationIsVisible = 0;
			defaultConfigurationName = Release;
		};
/* End XCConfigurationList section */
	};
	rootObject = 9315D80D13D5417A001B1A70 /* Project object */;
}
