// !$*UTF8*$!
{
	archiveVersion = 1;
	classes = {
	};
	objectVersion = 46;
	objects = {

/* Begin PBXBuildFile section */
		9315D81B13D5417A001B1A70 /* UIKit.framework in Frameworks */ = {isa = PBXBuildFile; fileRef = 9315D81A13D5417A001B1A70 /* UIKit.framework */; };
		9315D81D13D5417A001B1A70 /* Foundation.framework in Frameworks */ = {isa = PBXBuildFile; fileRef = 9315D81C13D5417A001B1A70 /* Foundation.framework */; };
		9315D81F13D5417A001B1A70 /* CoreGraphics.framework in Frameworks */ = {isa = PBXBuildFile; fileRef = 9315D81E13D5417A001B1A70 /* CoreGraphics.framework */; };
		9315D82113D5417A001B1A70 /* QuartzCore.framework in Frameworks */ = {isa = PBXBuildFile; fileRef = 9315D82013D5417A001B1A70 /* QuartzCore.framework */; };
		9315D82313D5417A001B1A70 /* OpenGLES.framework in Frameworks */ = {isa = PBXBuildFile; fileRef = 9315D82213D5417A001B1A70 /* OpenGLES.framework */; };
		9315D82913D5417B001B1A70 /* InfoPlist.strings in Resources */ = {isa = PBXBuildFile; fileRef = 9315D82713D5417B001B1A70 /* InfoPlist.strings */; };
		9315D82C13D5417B001B1A70 /* main.m in Sources */ = {isa = PBXBuildFile; fileRef = 9315D82B13D5417B001B1A70 /* main.m */; };
		9315D82F13D5417B001B1A70 /* iRayTraceAppDelegate.m in Sources */ = {isa = PBXBuildFile; fileRef = 9315D82E13D5417B001B1A70 /* iRayTraceAppDelegate.m */; };
		9315D83213D5417B001B1A70 /* MainWindow.xib in Resources */ = {isa = PBXBuildFile; fileRef = 9315D83013D5417B001B1A70 /* MainWindow.xib */; };
		9315D83413D5417B001B1A70 /* Shader.fsh in Resources */ = {isa = PBXBuildFile; fileRef = 9315D83313D5417B001B1A70 /* Shader.fsh */; };
		9315D83613D5417B001B1A70 /* Shader.vsh in Resources */ = {isa = PBXBuildFile; fileRef = 9315D83513D5417B001B1A70 /* Shader.vsh */; };
		9315D83913D5417B001B1A70 /* EAGLView.m in Sources */ = {isa = PBXBuildFile; fileRef = 9315D83813D5417B001B1A70 /* EAGLView.m */; };
		9315D83C13D5417B001B1A70 /* iRayTraceViewController.m in Sources */ = {isa = PBXBuildFile; fileRef = 9315D83B13D5417B001B1A70 /* iRayTraceViewController.m */; };
		9315D83F13D5417B001B1A70 /* iRayTraceViewController.xib in Resources */ = {isa = PBXBuildFile; fileRef = 9315D83D13D5417B001B1A70 /* iRayTraceViewController.xib */; };
/* End PBXBuildFile section */

/* Begin PBXFileReference section */
		9315D81613D5417A001B1A70 /* iRayTrace.app */ = {isa = PBXFileReference; explicitFileType = wrapper.application; includeInIndex = 0; path = iRayTrace.app; sourceTree = BUILT_PRODUCTS_DIR; };
		9315D81A13D5417A001B1A70 /* UIKit.framework */ = {isa = PBXFileReference; lastKnownFileType = wrapper.framework; name = UIKit.framework; path = System/Library/Frameworks/UIKit.framework; sourceTree = SDKROOT; };
		9315D81C13D5417A001B1A70 /* Foundation.framework */ = {isa = PBXFileReference; lastKnownFileType = wrapper.framework; name = Foundation.framework; path = System/Library/Frameworks/Foundation.framework; sourceTree = SDKROOT; };
		9315D81E13D5417A001B1A70 /* CoreGraphics.framework */ = {isa = PBXFileReference; lastKnownFileType = wrapper.framework; name = CoreGraphics.framework; path = System/Library/Frameworks/CoreGraphics.framework; sourceTree = SDKROOT; };
		9315D82013D5417A001B1A70 /* QuartzCore.framework */ = {isa = PBXFileReference; lastKnownFileType = wrapper.framework; name = QuartzCore.framework; path = System/Library/Frameworks/QuartzCore.framework; sourceTree = SDKROOT; };
		9315D82213D5417A001B1A70 /* OpenGLES.framework */ = {isa = PBXFileReference; lastKnownFileType = wrapper.framework; name = OpenGLES.framework; path = System/Library/Frameworks/OpenGLES.framework; sourceTree = SDKROOT; };
		9315D82613D5417B001B1A70 /* iRayTrace-Info.plist */ = {isa = PBXFileReference; lastKnownFileType = text.plist.xml; path = "iRayTrace-Info.plist"; sourceTree = "<group>"; };
		9315D82813D5417B001B1A70 /* en */ = {isa = PBXFileReference; lastKnownFileType = text.plist.strings; name = en; path = en.lproj/InfoPlist.strings; sourceTree = "<group>"; };
		9315D82A13D5417B001B1A70 /* iRayTrace-Prefix.pch */ = {isa = PBXFileReference; lastKnownFileType = sourcecode.c.h; path = "iRayTrace-Prefix.pch"; sourceTree = "<group>"; };
		9315D82B13D5417B001B1A70 /* main.m */ = {isa = PBXFileReference; lastKnownFileType = sourcecode.c.objc; path = main.m; sourceTree = "<group>"; };
		9315D82D13D5417B001B1A70 /* iRayTraceAppDelegate.h */ = {isa = PBXFileReference; lastKnownFileType = sourcecode.c.h; path = iRayTraceAppDelegate.h; sourceTree = "<group>"; };
		9315D82E13D5417B001B1A70 /* iRayTraceAppDelegate.m */ = {isa = PBXFileReference; lastKnownFileType = sourcecode.c.objc; path = iRayTraceAppDelegate.m; sourceTree = "<group>"; };
		9315D83113D5417B001B1A70 /* en */ = {isa = PBXFileReference; lastKnownFileType = file.xib; name = en; path = en.lproj/MainWindow.xib; sourceTree = "<group>"; };
		9315D83313D5417B001B1A70 /* Shader.fsh */ = {isa = PBXFileReference; lastKnownFileType = sourcecode.glsl; name = Shader.fsh; path = Shaders/Shader.fsh; sourceTree = "<group>"; };
		9315D83513D5417B001B1A70 /* Shader.vsh */ = {isa = PBXFileReference; lastKnownFileType = sourcecode.glsl; name = Shader.vsh; path = Shaders/Shader.vsh; sourceTree = "<group>"; };
		9315D83713D5417B001B1A70 /* EAGLView.h */ = {isa = PBXFileReference; lastKnownFileType = sourcecode.c.h; path = EAGLView.h; sourceTree = "<group>"; };
		9315D83813D5417B001B1A70 /* EAGLView.m */ = {isa = PBXFileReference; lastKnownFileType = sourcecode.c.objc; path = EAGLView.m; sourceTree = "<group>"; };
		9315D83A13D5417B001B1A70 /* iRayTraceViewController.h */ = {isa = PBXFileReference; lastKnownFileType = sourcecode.c.h; path = iRayTraceViewController.h; sourceTree = "<group>"; };
		9315D83B13D5417B001B1A70 /* iRayTraceViewController.m */ = {isa = PBXFileReference; lastKnownFileType = sourcecode.c.objc; path = iRayTraceViewController.m; sourceTree = "<group>"; };
		9315D83E13D5417B001B1A70 /* en */ = {isa = PBXFileReference; lastKnownFileType = file.xib; name = en; path = en.lproj/iRayTraceViewController.xib; sourceTree = "<group>"; };
/* End PBXFileReference section */

/* Begin PBXFrameworksBuildPhase section */
		9315D81313D5417A001B1A70 /* Frameworks */ = {
			isa = PBXFrameworksBuildPhase;
			buildActionMask = 2147483647;
			files = (
				9315D81B13D5417A001B1A70 /* UIKit.framework in Frameworks */,
				9315D81D13D5417A001B1A70 /* Foundation.framework in Frameworks */,
				9315D81F13D5417A001B1A70 /* CoreGraphics.framework in Frameworks */,
				9315D82113D5417A001B1A70 /* QuartzCore.framework in Frameworks */,
				9315D82313D5417A001B1A70 /* OpenGLES.framework in Frameworks */,
			);
			runOnlyForDeploymentPostprocessing = 0;
		};
/* End PBXFrameworksBuildPhase section */

/* Begin PBXGroup section */
		9315D80B13D5417A001B1A70 = {
			isa = PBXGroup;
			children = (
				9315D82413D5417A001B1A70 /* iRayTrace */,
				9315D81913D5417A001B1A70 /* Frameworks */,
				9315D81713D5417A001B1A70 /* Products */,
			);
			sourceTree = "<group>";
		};
		9315D81713D5417A001B1A70 /* Products */ = {
			isa = PBXGroup;
			children = (
				9315D81613D5417A001B1A70 /* iRayTrace.app */,
			);
			name = Products;
			sourceTree = "<group>";
		};
		9315D81913D5417A001B1A70 /* Frameworks */ = {
			isa = PBXGroup;
			children = (
				9315D81A13D5417A001B1A70 /* UIKit.framework */,
				9315D81C13D5417A001B1A70 /* Foundation.framework */,
				9315D81E13D5417A001B1A70 /* CoreGraphics.framework */,
				9315D82013D5417A001B1A70 /* QuartzCore.framework */,
				9315D82213D5417A001B1A70 /* OpenGLES.framework */,
			);
			name = Frameworks;
			sourceTree = "<group>";
		};
		9315D82413D5417A001B1A70 /* iRayTrace */ = {
			isa = PBXGroup;
			children = (
				9315D82D13D5417B001B1A70 /* iRayTraceAppDelegate.h */,
				9315D82E13D5417B001B1A70 /* iRayTraceAppDelegate.m */,
				9315D83013D5417B001B1A70 /* MainWindow.xib */,
				9315D83313D5417B001B1A70 /* Shader.fsh */,
				9315D83513D5417B001B1A70 /* Shader.vsh */,
				9315D83713D5417B001B1A70 /* EAGLView.h */,
				9315D83813D5417B001B1A70 /* EAGLView.m */,
				9315D83A13D5417B001B1A70 /* iRayTraceViewController.h */,
				9315D83B13D5417B001B1A70 /* iRayTraceViewController.m */,
				9315D83D13D5417B001B1A70 /* iRayTraceViewController.xib */,
				9315D82513D5417A001B1A70 /* Supporting Files */,
			);
			path = iRayTrace;
			sourceTree = "<group>";
		};
		9315D82513D5417A001B1A70 /* Supporting Files */ = {
			isa = PBXGroup;
			children = (
				9315D82613D5417B001B1A70 /* iRayTrace-Info.plist */,
				9315D82713D5417B001B1A70 /* InfoPlist.strings */,
				9315D82A13D5417B001B1A70 /* iRayTrace-Prefix.pch */,
				9315D82B13D5417B001B1A70 /* main.m */,
			);
			name = "Supporting Files";
			sourceTree = "<group>";
		};
/* End PBXGroup section */

/* Begin PBXNativeTarget section */
		9315D81513D5417A001B1A70 /* iRayTrace */ = {
			isa = PBXNativeTarget;
			buildConfigurationList = 9315D84213D5417B001B1A70 /* Build configuration list for PBXNativeTarget "iRayTrace" */;
			buildPhases = (
				9315D81213D5417A001B1A70 /* Sources */,
				9315D81313D5417A001B1A70 /* Frameworks */,
				9315D81413D5417A001B1A70 /* Resources */,
			);
			buildRules = (
			);
			dependencies = (
			);
			name = iRayTrace;
			productName = iRayTrace;
			productReference = 9315D81613D5417A001B1A70 /* iRayTrace.app */;
			productType = "com.apple.product-type.application";
		};
/* End PBXNativeTarget section */

/* Begin PBXProject section */
		9315D80D13D5417A001B1A70 /* Project object */ = {
			isa = PBXProject;
			buildConfigurationList = 9315D81013D5417A001B1A70 /* Build configuration list for PBXProject "iRayTrace" */;
			compatibilityVersion = "Xcode 3.2";
			developmentRegion = English;
			hasScannedForEncodings = 0;
			knownRegions = (
				en,
			);
			mainGroup = 9315D80B13D5417A001B1A70;
			productRefGroup = 9315D81713D5417A001B1A70 /* Products */;
			projectDirPath = "";
			projectRoot = "";
			targets = (
				9315D81513D5417A001B1A70 /* iRayTrace */,
			);
		};
/* End PBXProject section */

/* Begin PBXResourcesBuildPhase section */
		9315D81413D5417A001B1A70 /* Resources */ = {
			isa = PBXResourcesBuildPhase;
			buildActionMask = 2147483647;
			files = (
				9315D82913D5417B001B1A70 /* InfoPlist.strings in Resources */,
				9315D83213D5417B001B1A70 /* MainWindow.xib in Resources */,
				9315D83413D5417B001B1A70 /* Shader.fsh in Resources */,
				9315D83613D5417B001B1A70 /* Shader.vsh in Resources */,
				9315D83F13D5417B001B1A70 /* iRayTraceViewController.xib in Resources */,
			);
			runOnlyForDeploymentPostprocessing = 0;
		};
/* End PBXResourcesBuildPhase section */

/* Begin PBXSourcesBuildPhase section */
		9315D81213D5417A001B1A70 /* Sources */ = {
			isa = PBXSourcesBuildPhase;
			buildActionMask = 2147483647;
			files = (
				9315D82C13D5417B001B1A70 /* main.m in Sources */,
				9315D82F13D5417B001B1A70 /* iRayTraceAppDelegate.m in Sources */,
				9315D83913D5417B001B1A70 /* EAGLView.m in Sources */,
				9315D83C13D5417B001B1A70 /* iRayTraceViewController.m in Sources */,
			);
			runOnlyForDeploymentPostprocessing = 0;
		};
/* End PBXSourcesBuildPhase section */

/* Begin PBXVariantGroup section */
		9315D82713D5417B001B1A70 /* InfoPlist.strings */ = {
			isa = PBXVariantGroup;
			children = (
				9315D82813D5417B001B1A70 /* en */,
			);
			name = InfoPlist.strings;
			sourceTree = "<group>";
		};
		9315D83013D5417B001B1A70 /* MainWindow.xib */ = {
			isa = PBXVariantGroup;
			children = (
				9315D83113D5417B001B1A70 /* en */,
			);
			name = MainWindow.xib;
			sourceTree = "<group>";
		};
		9315D83D13D5417B001B1A70 /* iRayTraceViewController.xib */ = {
			isa = PBXVariantGroup;
			children = (
				9315D83E13D5417B001B1A70 /* en */,
			);
			name = iRayTraceViewController.xib;
			sourceTree = "<group>";
		};
/* End PBXVariantGroup section */

/* Begin XCBuildConfiguration section */
		9315D84013D5417B001B1A70 /* Debug */ = {
			isa = XCBuildConfiguration;
			buildSettings = {
				ARCHS = "$(ARCHS_UNIVERSAL_IPHONE_OS)";
				"CODE_SIGN_IDENTITY[sdk=iphoneos*]" = "iPhone Developer";
				GCC_C_LANGUAGE_STANDARD = gnu99;
				GCC_OPTIMIZATION_LEVEL = 0;
				GCC_PREPROCESSOR_DEFINITIONS = DEBUG;
				GCC_SYMBOLS_PRIVATE_EXTERN = NO;
				GCC_VERSION = com.apple.compilers.llvmgcc42;
				GCC_WARN_ABOUT_RETURN_TYPE = YES;
				GCC_WARN_UNUSED_VARIABLE = YES;
				IPHONEOS_DEPLOYMENT_TARGET = 4.3;
				SDKROOT = iphoneos;
				TARGETED_DEVICE_FAMILY = 2;
			};
			name = Debug;
		};
		9315D84113D5417B001B1A70 /* Release */ = {
			isa = XCBuildConfiguration;
			buildSettings = {
				ARCHS = "$(ARCHS_UNIVERSAL_IPHONE_OS)";
				"CODE_SIGN_IDENTITY[sdk=iphoneos*]" = "iPhone Developer";
				GCC_C_LANGUAGE_STANDARD = gnu99;
				GCC_VERSION = com.apple.compilers.llvmgcc42;
				GCC_WARN_ABOUT_RETURN_TYPE = YES;
				GCC_WARN_UNUSED_VARIABLE = YES;
				IPHONEOS_DEPLOYMENT_TARGET = 4.3;
				OTHER_CFLAGS = "-DNS_BLOCK_ASSERTIONS=1";
				SDKROOT = iphoneos;
				TARGETED_DEVICE_FAMILY = 2;
			};
			name = Release;
		};
		9315D84313D5417B001B1A70 /* Debug */ = {
			isa = XCBuildConfiguration;
			buildSettings = {
				ALWAYS_SEARCH_USER_PATHS = NO;
				COPY_PHASE_STRIP = NO;
				GCC_DYNAMIC_NO_PIC = NO;
				GCC_PRECOMPILE_PREFIX_HEADER = YES;
				GCC_PREFIX_HEADER = "iRayTrace/iRayTrace-Prefix.pch";
				"GCC_THUMB_SUPPORT[arch=armv6]" = "";
				INFOPLIST_FILE = "iRayTrace/iRayTrace-Info.plist";
				PRODUCT_NAME = "$(TARGET_NAME)";
				WRAPPER_EXTENSION = app;
			};
			name = Debug;
		};
		9315D84413D5417B001B1A70 /* Release */ = {
			isa = XCBuildConfiguration;
			buildSettings = {
				ALWAYS_SEARCH_USER_PATHS = NO;
				COPY_PHASE_STRIP = YES;
				GCC_PRECOMPILE_PREFIX_HEADER = YES;
				GCC_PREFIX_HEADER = "iRayTrace/iRayTrace-Prefix.pch";
				"GCC_THUMB_SUPPORT[arch=armv6]" = "";
				INFOPLIST_FILE = "iRayTrace/iRayTrace-Info.plist";
				PRODUCT_NAME = "$(TARGET_NAME)";
				VALIDATE_PRODUCT = YES;
				WRAPPER_EXTENSION = app;
			};
			name = Release;
		};
/* End XCBuildConfiguration section */

/* Begin XCConfigurationList section */
		9315D81013D5417A001B1A70 /* Build configuration list for PBXProject "iRayTrace" */ = {
			isa = XCConfigurationList;
			buildConfigurations = (
				9315D84013D5417B001B1A70 /* Debug */,
				9315D84113D5417B001B1A70 /* Release */,
			);
			defaultConfigurationIsVisible = 0;
			defaultConfigurationName = Release;
		};
		9315D84213D5417B001B1A70 /* Build configuration list for PBXNativeTarget "iRayTrace" */ = {
			isa = XCConfigurationList;
			buildConfigurations = (
				9315D84313D5417B001B1A70 /* Debug */,
				9315D84413D5417B001B1A70 /* Release */,
			);
			defaultConfigurationIsVisible = 0;
		};
/* End XCConfigurationList section */
	};
	rootObject = 9315D80D13D5417A001B1A70 /* Project object */;
}
